
Microsoft Visual Studio Solution File, Format Version 12.00
# Visual Studio Version 16
VisualStudioVersion = 16.0.29123.88
MinimumVisualStudioVersion = 15.0.26124.0
Project("{9A19103F-16F7-4668-BE54-9A1E7A4F7556}") = "Strategy.Jarrod.TaskSchedulingService", "Strategy.Jarrod.TaskSchedulingService\Strategy.Jarrod.TaskSchedulingService.csproj", "{FC2B9298-B6BB-4CA0-9247-091381A44CF9}"
EndProject
Project("{FAE04EC0-301F-11D3-BF4B-00C04F79EFBC}") = "TinyTypes.Gerhard.ProductService", "TinyTypes.Gerhard.ProductService\TinyTypes.Gerhard.ProductService.csproj", "{F57139F9-D0FE-4C59-924D-56CCD887F639}"
EndProject
Global
	GlobalSection(SolutionConfigurationPlatforms) = preSolution
		Debug|Any CPU = Debug|Any CPU
		Debug|x64 = Debug|x64
		Debug|x86 = Debug|x86
		Release|Any CPU = Release|Any CPU
		Release|x64 = Release|x64
		Release|x86 = Release|x86
	EndGlobalSection
	GlobalSection(ProjectConfigurationPlatforms) = postSolution
		{FC2B9298-B6BB-4CA0-9247-091381A44CF9}.Debug|Any CPU.ActiveCfg = Debug|Any CPU
		{FC2B9298-B6BB-4CA0-9247-091381A44CF9}.Debug|Any CPU.Build.0 = Debug|Any CPU
		{FC2B9298-B6BB-4CA0-9247-091381A44CF9}.Debug|x64.ActiveCfg = Debug|Any CPU
		{FC2B9298-B6BB-4CA0-9247-091381A44CF9}.Debug|x64.Build.0 = Debug|Any CPU
		{FC2B9298-B6BB-4CA0-9247-091381A44CF9}.Debug|x86.ActiveCfg = Debug|Any CPU
		{FC2B9298-B6BB-4CA0-9247-091381A44CF9}.Debug|x86.Build.0 = Debug|Any CPU
		{FC2B9298-B6BB-4CA0-9247-091381A44CF9}.Release|Any CPU.ActiveCfg = Release|Any CPU
		{FC2B9298-B6BB-4CA0-9247-091381A44CF9}.Release|Any CPU.Build.0 = Release|Any CPU
		{FC2B9298-B6BB-4CA0-9247-091381A44CF9}.Release|x64.ActiveCfg = Release|Any CPU
		{FC2B9298-B6BB-4CA0-9247-091381A44CF9}.Release|x64.Build.0 = Release|Any CPU
		{FC2B9298-B6BB-4CA0-9247-091381A44CF9}.Release|x86.ActiveCfg = Release|Any CPU
		{FC2B9298-B6BB-4CA0-9247-091381A44CF9}.Release|x86.Build.0 = Release|Any CPU
		{F57139F9-D0FE-4C59-924D-56CCD887F639}.Debug|Any CPU.ActiveCfg = Debug|Any CPU
		{F57139F9-D0FE-4C59-924D-56CCD887F639}.Debug|Any CPU.Build.0 = Debug|Any CPU
		{F57139F9-D0FE-4C59-924D-56CCD887F639}.Debug|x64.ActiveCfg = Debug|Any CPU
		{F57139F9-D0FE-4C59-924D-56CCD887F639}.Debug|x64.Build.0 = Debug|Any CPU
		{F57139F9-D0FE-4C59-924D-56CCD887F639}.Debug|x86.ActiveCfg = Debug|Any CPU
		{F57139F9-D0FE-4C59-924D-56CCD887F639}.Debug|x86.Build.0 = Debug|Any CPU
		{F57139F9-D0FE-4C59-924D-56CCD887F639}.Release|Any CPU.ActiveCfg = Release|Any CPU
		{F57139F9-D0FE-4C59-924D-56CCD887F639}.Release|Any CPU.Build.0 = Release|Any CPU
		{F57139F9-D0FE-4C59-924D-56CCD887F639}.Release|x64.ActiveCfg = Release|Any CPU
		{F57139F9-D0FE-4C59-924D-56CCD887F639}.Release|x64.Build.0 = Release|Any CPU
		{F57139F9-D0FE-4C59-924D-56CCD887F639}.Release|x86.ActiveCfg = Release|Any CPU
		{F57139F9-D0FE-4C59-924D-56CCD887F639}.Release|x86.Build.0 = Release|Any CPU
	EndGlobalSection
	GlobalSection(SolutionProperties) = preSolution
		HideSolutionNode = FALSE
	EndGlobalSection
	GlobalSection(ExtensibilityGlobals) = postSolution
		SolutionGuid = {D135285A-3873-4546-893D-AE92FDF80229}
	EndGlobalSection
EndGlobal
