
Microsoft Visual Studio Solution File, Format Version 12.00
# Visual Studio Version 16
VisualStudioVersion = 16.0.29123.88
MinimumVisualStudioVersion = 10.0.40219.1
Project("{FAE04EC0-301F-11D3-BF4B-00C04F79EFBC}") = "AbstractFactory.Andrew.University", "AbstractFactory.Andrew.University\AbstractFactory.Andrew.University.csproj", "{6F5D03E2-D359-41B6-80E7-E6C7A5CC1CE2}"
EndProject
Global
	GlobalSection(SolutionConfigurationPlatforms) = preSolution
		Debug|Any CPU = Debug|Any CPU
		Release|Any CPU = Release|Any CPU
	EndGlobalSection
	GlobalSection(ProjectConfigurationPlatforms) = postSolution
		{6F5D03E2-D359-41B6-80E7-E6C7A5CC1CE2}.Debug|Any CPU.ActiveCfg = Debug|Any CPU
		{6F5D03E2-D359-41B6-80E7-E6C7A5CC1CE2}.Debug|Any CPU.Build.0 = Debug|Any CPU
		{6F5D03E2-D359-41B6-80E7-E6C7A5CC1CE2}.Release|Any CPU.ActiveCfg = Release|Any CPU
		{6F5D03E2-D359-41B6-80E7-E6C7A5CC1CE2}.Release|Any CPU.Build.0 = Release|Any CPU
	EndGlobalSection
	GlobalSection(SolutionProperties) = preSolution
		HideSolutionNode = FALSE
	EndGlobalSection
	GlobalSection(ExtensibilityGlobals) = postSolution
		SolutionGuid = {5FA970C2-8BEC-4BFB-B386-B78CB9F28218}
	EndGlobalSection
EndGlobal
